
Microsoft Visual Studio Solution File, Format Version 12.00
# Visual Studio 15
VisualStudioVersion = 15.0.28307.1169
MinimumVisualStudioVersion = 10.0.40219.1
Project("{FAE04EC0-301F-11D3-BF4B-00C04F79EFBC}") = "CoinDB", "CoinDB\CoinDB.csproj", "{B6405862-F820-43F8-B2CD-5BDF79DCE8F0}"
EndProject
Global
	GlobalSection(SolutionConfigurationPlatforms) = preSolution
		Debug|Any CPU = Debug|Any CPU
		Release|Any CPU = Release|Any CPU
	EndGlobalSection
	GlobalSection(ProjectConfigurationPlatforms) = postSolution
		{B6405862-F820-43F8-B2CD-5BDF79DCE8F0}.Debug|Any CPU.ActiveCfg = Debug|Any CPU
		{B6405862-F820-43F8-B2CD-5BDF79DCE8F0}.Debug|Any CPU.Build.0 = Debug|Any CPU
		{B6405862-F820-43F8-B2CD-5BDF79DCE8F0}.Release|Any CPU.ActiveCfg = Release|Any CPU
		{B6405862-F820-43F8-B2CD-5BDF79DCE8F0}.Release|Any CPU.Build.0 = Release|Any CPU
	EndGlobalSection
	GlobalSection(SolutionProperties) = preSolution
		HideSolutionNode = FALSE
	EndGlobalSection
	GlobalSection(ExtensibilityGlobals) = postSolution
		SolutionGuid = {C31F8AAE-0A1B-4671-9814-CFE0026513CE}
	EndGlobalSection
EndGlobal
